Microsoft Visual Studio Solution File, Format Version 12.00
# Visual Studio Version 17
VisualStudioVersion = 17.8.34511.84
MinimumVisualStudioVersion = 10.0.40219.1
Project("{FAE04EC0-301F-11D3-BF4B-00C04F79EFBC}") = "IntercalarioDigitale.Core", "src\IntercalarioDigitale.Core\IntercalarioDigitale.Core.csproj", "{A3D1A7F0-F31F-4E48-BD6E-930798512F20}"
EndProject
Project("{FAE04EC0-301F-11D3-BF4B-00C04F79EFBC}") = "IntercalarioDigitale.Cli", "src\IntercalarioDigitale.Cli\IntercalarioDigitale.Cli.csproj", "{A8824F0A-3C73-4F6C-81DD-E9EAB3510660}"
EndProject
Project("{FAE04EC0-301F-11D3-BF4B-00C04F79EFBC}") = "IntercalarioDigitale.Core.Tests", "tests\IntercalarioDigitale.Core.Tests\IntercalarioDigitale.Core.Tests.csproj", "{9C7541AA-85D4-4D94-98E0-D7D3914D7D6C}"
EndProject
Global
	GlobalSection(SolutionConfigurationPlatforms) = preSolution
		Debug|Any CPU = Debug|Any CPU
		Release|Any CPU = Release|Any CPU
	EndGlobalSection
	GlobalSection(ProjectConfigurationPlatforms) = postSolution
		{A3D1A7F0-F31F-4E48-BD6E-930798512F20}.Debug|Any CPU.ActiveCfg = Debug|Any CPU
		{A3D1A7F0-F31F-4E48-BD6E-930798512F20}.Debug|Any CPU.Build.0 = Debug|Any CPU
		{A3D1A7F0-F31F-4E48-BD6E-930798512F20}.Release|Any CPU.ActiveCfg = Release|Any CPU
		{A3D1A7F0-F31F-4E48-BD6E-930798512F20}.Release|Any CPU.Build.0 = Release|Any CPU
		{A8824F0A-3C73-4F6C-81DD-E9EAB3510660}.Debug|Any CPU.ActiveCfg = Debug|Any CPU
		{A8824F0A-3C73-4F6C-81DD-E9EAB3510660}.Debug|Any CPU.Build.0 = Debug|Any CPU
		{A8824F0A-3C73-4F6C-81DD-E9EAB3510660}.Release|Any CPU.ActiveCfg = Release|Any CPU
		{A8824F0A-3C73-4F6C-81DD-E9EAB3510660}.Release|Any CPU.Build.0 = Release|Any CPU
		{9C7541AA-85D4-4D94-98E0-D7D3914D7D6C}.Debug|Any CPU.ActiveCfg = Debug|Any CPU
		{9C7541AA-85D4-4D94-98E0-D7D3914D7D6C}.Debug|Any CPU.Build.0 = Debug|Any CPU
		{9C7541AA-85D4-4D94-98E0-D7D3914D7D6C}.Release|Any CPU.ActiveCfg = Release|Any CPU
		{9C7541AA-85D4-4D94-98E0-D7D3914D7D6C}.Release|Any CPU.Build.0 = Release|Any CPU
	EndGlobalSection
	GlobalSection(SolutionProperties) = preSolution
		HideSolutionNode = FALSE
	EndGlobalSection
EndGlobal
